
Microsoft Visual Studio Solution File, Format Version 12.00
# Visual Studio 15
VisualStudioVersion = 15.0.27130.2010
MinimumVisualStudioVersion = 10.0.40219.1
Project("{9A19103F-16F7-4668-BE54-9A1E7A4F7556}") = "ideas-integration-remedy", "ideas-integration-remedy\ideas-integration-remedy.csproj", "{F1079E7A-4F30-43AE-B01D-39A8D9ED0EB8}"
EndProject
Project("{9A19103F-16F7-4668-BE54-9A1E7A4F7556}") = "ideas-core", "..\ideas-core\ideas-core.csproj", "{F8F69B08-E1E0-4B56-B2CB-C3A3E10CD98F}"
EndProject
Project("{9A19103F-16F7-4668-BE54-9A1E7A4F7556}") = "ideas-integration-remedy-tests", "ideas-integration-remedy-tests\ideas-integration-remedy-tests.csproj", "{5FA6347F-20CA-4460-B6D9-37E456338E5A}"
EndProject
Project("{FAE04EC0-301F-11D3-BF4B-00C04F79EFBC}") = "ideas-integration-remedy-sblistener", "ideas-integration-remedy-sblistener\ideas-integration-remedy-sblistener.csproj", "{098A24D0-B691-47D3-ABDE-33F6011671C6}"
EndProject
Project("{FAE04EC0-301F-11D3-BF4B-00C04F79EFBC}") = "ideas-integration-remedy-watcher", "ideas-integration-remedy-watcher\ideas-integration-remedy-watcher.csproj", "{2FA02259-9403-450D-993C-A80501356AD0}"
EndProject
Global
	GlobalSection(SolutionConfigurationPlatforms) = preSolution
		Debug|Any CPU = Debug|Any CPU
		Release|Any CPU = Release|Any CPU
	EndGlobalSection
	GlobalSection(ProjectConfigurationPlatforms) = postSolution
		{F1079E7A-4F30-43AE-B01D-39A8D9ED0EB8}.Debug|Any CPU.ActiveCfg = Debug|Any CPU
		{F1079E7A-4F30-43AE-B01D-39A8D9ED0EB8}.Debug|Any CPU.Build.0 = Debug|Any CPU
		{F1079E7A-4F30-43AE-B01D-39A8D9ED0EB8}.Release|Any CPU.ActiveCfg = Release|Any CPU
		{F1079E7A-4F30-43AE-B01D-39A8D9ED0EB8}.Release|Any CPU.Build.0 = Release|Any CPU
		{F8F69B08-E1E0-4B56-B2CB-C3A3E10CD98F}.Debug|Any CPU.ActiveCfg = Debug|Any CPU
		{F8F69B08-E1E0-4B56-B2CB-C3A3E10CD98F}.Debug|Any CPU.Build.0 = Debug|Any CPU
		{F8F69B08-E1E0-4B56-B2CB-C3A3E10CD98F}.Release|Any CPU.ActiveCfg = Release|Any CPU
		{F8F69B08-E1E0-4B56-B2CB-C3A3E10CD98F}.Release|Any CPU.Build.0 = Release|Any CPU
		{5FA6347F-20CA-4460-B6D9-37E456338E5A}.Debug|Any CPU.ActiveCfg = Debug|Any CPU
		{5FA6347F-20CA-4460-B6D9-37E456338E5A}.Debug|Any CPU.Build.0 = Debug|Any CPU
		{5FA6347F-20CA-4460-B6D9-37E456338E5A}.Release|Any CPU.ActiveCfg = Release|Any CPU
		{5FA6347F-20CA-4460-B6D9-37E456338E5A}.Release|Any CPU.Build.0 = Release|Any CPU
		{098A24D0-B691-47D3-ABDE-33F6011671C6}.Debug|Any CPU.ActiveCfg = Debug|Any CPU
		{098A24D0-B691-47D3-ABDE-33F6011671C6}.Debug|Any CPU.Build.0 = Debug|Any CPU
		{098A24D0-B691-47D3-ABDE-33F6011671C6}.Release|Any CPU.ActiveCfg = Release|Any CPU
		{098A24D0-B691-47D3-ABDE-33F6011671C6}.Release|Any CPU.Build.0 = Release|Any CPU
		{2FA02259-9403-450D-993C-A80501356AD0}.Debug|Any CPU.ActiveCfg = Debug|Any CPU
		{2FA02259-9403-450D-993C-A80501356AD0}.Debug|Any CPU.Build.0 = Debug|Any CPU
		{2FA02259-9403-450D-993C-A80501356AD0}.Release|Any CPU.ActiveCfg = Release|Any CPU
		{2FA02259-9403-450D-993C-A80501356AD0}.Release|Any CPU.Build.0 = Release|Any CPU
	EndGlobalSection
	GlobalSection(SolutionProperties) = preSolution
		HideSolutionNode = FALSE
	EndGlobalSection
	GlobalSection(ExtensibilityGlobals) = postSolution
		SolutionGuid = {825CD0AC-83DF-4044-BAC3-8A334F63BB68}
	EndGlobalSection
EndGlobal
