
Microsoft Visual Studio Solution File, Format Version 12.00
# Visual Studio 15
VisualStudioVersion = 15.0.27130.2010
MinimumVisualStudioVersion = 10.0.40219.1
Project("{9A19103F-16F7-4668-BE54-9A1E7A4F7556}") = "ideas-integration-notification", "ideas-integration-notification\ideas-integration-notification.csproj", "{F42CD950-A0B2-404C-9B01-1B0248832804}"
EndProject
Project("{9A19103F-16F7-4668-BE54-9A1E7A4F7556}") = "ideas-core", "..\ideas-core\ideas-core\ideas-core.csproj", "{03E1B1C3-0174-43DB-8D72-8BE81233386A}"
EndProject
Global
	GlobalSection(SolutionConfigurationPlatforms) = preSolution
		Debug|Any CPU = Debug|Any CPU
		Release|Any CPU = Release|Any CPU
	EndGlobalSection
	GlobalSection(ProjectConfigurationPlatforms) = postSolution
		{F42CD950-A0B2-404C-9B01-1B0248832804}.Debug|Any CPU.ActiveCfg = Debug|Any CPU
		{F42CD950-A0B2-404C-9B01-1B0248832804}.Debug|Any CPU.Build.0 = Debug|Any CPU
		{F42CD950-A0B2-404C-9B01-1B0248832804}.Release|Any CPU.ActiveCfg = Release|Any CPU
		{F42CD950-A0B2-404C-9B01-1B0248832804}.Release|Any CPU.Build.0 = Release|Any CPU
		{03E1B1C3-0174-43DB-8D72-8BE81233386A}.Debug|Any CPU.ActiveCfg = Debug|Any CPU
		{03E1B1C3-0174-43DB-8D72-8BE81233386A}.Debug|Any CPU.Build.0 = Debug|Any CPU
		{03E1B1C3-0174-43DB-8D72-8BE81233386A}.Release|Any CPU.ActiveCfg = Release|Any CPU
		{03E1B1C3-0174-43DB-8D72-8BE81233386A}.Release|Any CPU.Build.0 = Release|Any CPU
	EndGlobalSection
	GlobalSection(SolutionProperties) = preSolution
		HideSolutionNode = FALSE
	EndGlobalSection
	GlobalSection(ExtensibilityGlobals) = postSolution
		SolutionGuid = {82D84E9E-AAF8-4BBE-B815-11F6EDF2BB31}
	EndGlobalSection
EndGlobal
