
Microsoft Visual Studio Solution File, Format Version 12.00
# Visual Studio 15
VisualStudioVersion = 15.0.27130.2010
MinimumVisualStudioVersion = 10.0.40219.1
Project("{9A19103F-16F7-4668-BE54-9A1E7A4F7556}") = "ideas-integration-projectmanagement-core", "ideas-integration-projectmanagement-core\ideas-integration-projectmanagement-core.csproj", "{2B85DB87-F25F-4606-867E-6EF024CDEFC8}"
EndProject
Project("{9A19103F-16F7-4668-BE54-9A1E7A4F7556}") = "ideas-core", "..\ideas-core\ideas-core.csproj", "{94FF3DBE-5F11-426F-B6EF-2EAB2C6E7EB0}"
EndProject
Project("{FAE04EC0-301F-11D3-BF4B-00C04F79EFBC}") = "ideas-integration-projectmanagement-server", "ideas-integration-projectmanagement-server\ideas-integration-projectmanagement-server.csproj", "{5925AA1F-9590-4285-888F-0ADF9EED8D95}"
EndProject
Project("{FAE04EC0-301F-11D3-BF4B-00C04F79EFBC}") = "ideas-integration-projectmanagement-tests", "ideas-integration-projectmanagement-tests\ideas-integration-projectmanagement-tests.csproj", "{1549711E-1B61-4542-B5B7-89C0BA44BFD9}"
EndProject
Global
	GlobalSection(SolutionConfigurationPlatforms) = preSolution
		Debug|Any CPU = Debug|Any CPU
		Release|Any CPU = Release|Any CPU
	EndGlobalSection
	GlobalSection(ProjectConfigurationPlatforms) = postSolution
		{2B85DB87-F25F-4606-867E-6EF024CDEFC8}.Debug|Any CPU.ActiveCfg = Debug|Any CPU
		{2B85DB87-F25F-4606-867E-6EF024CDEFC8}.Debug|Any CPU.Build.0 = Debug|Any CPU
		{2B85DB87-F25F-4606-867E-6EF024CDEFC8}.Release|Any CPU.ActiveCfg = Release|Any CPU
		{2B85DB87-F25F-4606-867E-6EF024CDEFC8}.Release|Any CPU.Build.0 = Release|Any CPU
		{94FF3DBE-5F11-426F-B6EF-2EAB2C6E7EB0}.Debug|Any CPU.ActiveCfg = Debug|Any CPU
		{94FF3DBE-5F11-426F-B6EF-2EAB2C6E7EB0}.Debug|Any CPU.Build.0 = Debug|Any CPU
		{94FF3DBE-5F11-426F-B6EF-2EAB2C6E7EB0}.Release|Any CPU.ActiveCfg = Release|Any CPU
		{94FF3DBE-5F11-426F-B6EF-2EAB2C6E7EB0}.Release|Any CPU.Build.0 = Release|Any CPU
		{5925AA1F-9590-4285-888F-0ADF9EED8D95}.Debug|Any CPU.ActiveCfg = Debug|Any CPU
		{5925AA1F-9590-4285-888F-0ADF9EED8D95}.Debug|Any CPU.Build.0 = Debug|Any CPU
		{5925AA1F-9590-4285-888F-0ADF9EED8D95}.Release|Any CPU.ActiveCfg = Release|Any CPU
		{5925AA1F-9590-4285-888F-0ADF9EED8D95}.Release|Any CPU.Build.0 = Release|Any CPU
		{1549711E-1B61-4542-B5B7-89C0BA44BFD9}.Debug|Any CPU.ActiveCfg = Debug|Any CPU
		{1549711E-1B61-4542-B5B7-89C0BA44BFD9}.Debug|Any CPU.Build.0 = Debug|Any CPU
		{1549711E-1B61-4542-B5B7-89C0BA44BFD9}.Release|Any CPU.ActiveCfg = Release|Any CPU
		{1549711E-1B61-4542-B5B7-89C0BA44BFD9}.Release|Any CPU.Build.0 = Release|Any CPU
	EndGlobalSection
	GlobalSection(SolutionProperties) = preSolution
		HideSolutionNode = FALSE
	EndGlobalSection
	GlobalSection(ExtensibilityGlobals) = postSolution
		SolutionGuid = {07C0B485-D1D2-4685-9DF0-D00DBDE3A47F}
	EndGlobalSection
EndGlobal
