
Microsoft Visual Studio Solution File, Format Version 12.00
# Visual Studio 15
VisualStudioVersion = 15.0.27703.2026
MinimumVisualStudioVersion = 10.0.40219.1
Project("{9A19103F-16F7-4668-BE54-9A1E7A4F7556}") = "issues-server", "issues-server\issues-server\issues-server.csproj", "{82336899-CE3F-4FF9-8C74-9B147BD5721E}"
EndProject
Project("{2150E333-8FDC-42A3-9474-1A3956D46DE8}") = "Web", "Web", "{FF7F4E17-F45A-42A5-A361-8551E38FE13F}"
EndProject
Project("{2150E333-8FDC-42A3-9474-1A3956D46DE8}") = "Shared", "Shared", "{F0348597-A3C5-4AD4-B513-633F74517458}"
EndProject
Project("{2150E333-8FDC-42A3-9474-1A3956D46DE8}") = "Tests", "Tests", "{32D288E5-5670-4C11-8AEA-C7D8CB85DBFC}"
EndProject
Project("{9A19103F-16F7-4668-BE54-9A1E7A4F7556}") = "shared-kernel", "..\shared-kernel\shared-kernel.csproj", "{7C341DBD-A996-454E-8FA1-ED545CC59737}"
EndProject
Project("{9A19103F-16F7-4668-BE54-9A1E7A4F7556}") = "issues-core", "issues-core\issues-core\issues-core.csproj", "{1308F013-1090-4037-A935-F9D2033DFBC6}"
EndProject
Project("{E53339B2-1760-4266-BCC7-CA923CBCF16C}") = "docker-compose", "docker-compose.dcproj", "{C172DDF0-701F-4567-97D0-299B68E51210}"
EndProject
Project("{2150E333-8FDC-42A3-9474-1A3956D46DE8}") = "Integration", "Integration", "{FE5AD3C0-C4B9-4417-8292-A434B9A1F573}"
EndProject
Project("{9A19103F-16F7-4668-BE54-9A1E7A4F7556}") = "issues-integration-remedy", "issues-integration-remedy\issues-integration-remedy.csproj", "{6C42FF98-00C6-4150-9651-E9C5FC15A221}"
EndProject
Project("{9A19103F-16F7-4668-BE54-9A1E7A4F7556}") = "issues-server-tests", "issues-server\issues-server-tests\issues-server-tests.csproj", "{D078448C-D07D-4E74-B838-F10AD3B4A9FF}"
EndProject
Project("{9A19103F-16F7-4668-BE54-9A1E7A4F7556}") = "issues-core-tests", "issues-core\issues-core-tests\issues-core-tests.csproj", "{1880554A-578B-4235-9968-005D76C75A4F}"
EndProject
Global
	GlobalSection(SolutionConfigurationPlatforms) = preSolution
		Debug|Any CPU = Debug|Any CPU
		Release|Any CPU = Release|Any CPU
	EndGlobalSection
	GlobalSection(ProjectConfigurationPlatforms) = postSolution
		{82336899-CE3F-4FF9-8C74-9B147BD5721E}.Debug|Any CPU.ActiveCfg = Debug|Any CPU
		{82336899-CE3F-4FF9-8C74-9B147BD5721E}.Debug|Any CPU.Build.0 = Debug|Any CPU
		{82336899-CE3F-4FF9-8C74-9B147BD5721E}.Release|Any CPU.ActiveCfg = Release|Any CPU
		{82336899-CE3F-4FF9-8C74-9B147BD5721E}.Release|Any CPU.Build.0 = Release|Any CPU
		{7C341DBD-A996-454E-8FA1-ED545CC59737}.Debug|Any CPU.ActiveCfg = Debug|Any CPU
		{7C341DBD-A996-454E-8FA1-ED545CC59737}.Debug|Any CPU.Build.0 = Debug|Any CPU
		{7C341DBD-A996-454E-8FA1-ED545CC59737}.Release|Any CPU.ActiveCfg = Release|Any CPU
		{7C341DBD-A996-454E-8FA1-ED545CC59737}.Release|Any CPU.Build.0 = Release|Any CPU
		{1308F013-1090-4037-A935-F9D2033DFBC6}.Debug|Any CPU.ActiveCfg = Debug|Any CPU
		{1308F013-1090-4037-A935-F9D2033DFBC6}.Debug|Any CPU.Build.0 = Debug|Any CPU
		{1308F013-1090-4037-A935-F9D2033DFBC6}.Release|Any CPU.ActiveCfg = Release|Any CPU
		{1308F013-1090-4037-A935-F9D2033DFBC6}.Release|Any CPU.Build.0 = Release|Any CPU
		{C172DDF0-701F-4567-97D0-299B68E51210}.Debug|Any CPU.ActiveCfg = Debug|Any CPU
		{C172DDF0-701F-4567-97D0-299B68E51210}.Debug|Any CPU.Build.0 = Debug|Any CPU
		{C172DDF0-701F-4567-97D0-299B68E51210}.Release|Any CPU.ActiveCfg = Release|Any CPU
		{C172DDF0-701F-4567-97D0-299B68E51210}.Release|Any CPU.Build.0 = Release|Any CPU
		{6C42FF98-00C6-4150-9651-E9C5FC15A221}.Debug|Any CPU.ActiveCfg = Debug|Any CPU
		{6C42FF98-00C6-4150-9651-E9C5FC15A221}.Debug|Any CPU.Build.0 = Debug|Any CPU
		{6C42FF98-00C6-4150-9651-E9C5FC15A221}.Release|Any CPU.ActiveCfg = Release|Any CPU
		{6C42FF98-00C6-4150-9651-E9C5FC15A221}.Release|Any CPU.Build.0 = Release|Any CPU
		{D078448C-D07D-4E74-B838-F10AD3B4A9FF}.Debug|Any CPU.ActiveCfg = Debug|Any CPU
		{D078448C-D07D-4E74-B838-F10AD3B4A9FF}.Debug|Any CPU.Build.0 = Debug|Any CPU
		{D078448C-D07D-4E74-B838-F10AD3B4A9FF}.Release|Any CPU.ActiveCfg = Release|Any CPU
		{D078448C-D07D-4E74-B838-F10AD3B4A9FF}.Release|Any CPU.Build.0 = Release|Any CPU
		{1880554A-578B-4235-9968-005D76C75A4F}.Debug|Any CPU.ActiveCfg = Debug|Any CPU
		{1880554A-578B-4235-9968-005D76C75A4F}.Debug|Any CPU.Build.0 = Debug|Any CPU
		{1880554A-578B-4235-9968-005D76C75A4F}.Release|Any CPU.ActiveCfg = Release|Any CPU
		{1880554A-578B-4235-9968-005D76C75A4F}.Release|Any CPU.Build.0 = Release|Any CPU
	EndGlobalSection
	GlobalSection(SolutionProperties) = preSolution
		HideSolutionNode = FALSE
	EndGlobalSection
	GlobalSection(NestedProjects) = preSolution
		{82336899-CE3F-4FF9-8C74-9B147BD5721E} = {FF7F4E17-F45A-42A5-A361-8551E38FE13F}
		{7C341DBD-A996-454E-8FA1-ED545CC59737} = {F0348597-A3C5-4AD4-B513-633F74517458}
		{1308F013-1090-4037-A935-F9D2033DFBC6} = {F0348597-A3C5-4AD4-B513-633F74517458}
		{6C42FF98-00C6-4150-9651-E9C5FC15A221} = {FE5AD3C0-C4B9-4417-8292-A434B9A1F573}
		{D078448C-D07D-4E74-B838-F10AD3B4A9FF} = {32D288E5-5670-4C11-8AEA-C7D8CB85DBFC}
		{1880554A-578B-4235-9968-005D76C75A4F} = {32D288E5-5670-4C11-8AEA-C7D8CB85DBFC}
	EndGlobalSection
	GlobalSection(ExtensibilityGlobals) = postSolution
		SolutionGuid = {F8182436-7148-4C4C-8060-7BCF559D5C47}
	EndGlobalSection
EndGlobal
