{
  "requires": true,
  "lockfileVersion": 1,
  "dependencies": {
    "vue-infinite-loading": {
      "version": "2.3.1",
      "resolved": "https://registry.npmjs.org/vue-infinite-loading/-/vue-infinite-loading-2.3.1.tgz",
      "integrity": "sha512-t9HncjLpl6Wk3qXGLRBRL/u/0MdxiK6tYx8ehLo1+9P+zv9zW5cVXwOZHHZRHCbRzctKE0m0W+aajadjIuGXiQ=="
    }
  }
}
