
Microsoft Visual Studio Solution File, Format Version 12.00
# Visual Studio 15
VisualStudioVersion = 15.0.27130.2010
MinimumVisualStudioVersion = 10.0.40219.1
Project("{FAE04EC0-301F-11D3-BF4B-00C04F79EFBC}") = "ideas-integration-logger", "ideas-integration-logger\ideas-integration-logger.csproj", "{37349312-B5F5-472A-A59A-EF8B1F76800B}"
EndProject
Project("{9A19103F-16F7-4668-BE54-9A1E7A4F7556}") = "ideas-core", "..\ideas-core\ideas-core.csproj", "{0BDF1765-C734-4C0A-9ACD-AA8A5CE40238}"
EndProject
Project("{FAE04EC0-301F-11D3-BF4B-00C04F79EFBC}") = "ideas-integration-logger-tests", "ideas-integration-logger-tests\ideas-integration-logger-tests.csproj", "{BD4207C3-516B-428A-BE33-C80B0DC7DDA0}"
EndProject
Global
	GlobalSection(SolutionConfigurationPlatforms) = preSolution
		Debug|Any CPU = Debug|Any CPU
		Release|Any CPU = Release|Any CPU
	EndGlobalSection
	GlobalSection(ProjectConfigurationPlatforms) = postSolution
		{37349312-B5F5-472A-A59A-EF8B1F76800B}.Debug|Any CPU.ActiveCfg = Debug|Any CPU
		{37349312-B5F5-472A-A59A-EF8B1F76800B}.Debug|Any CPU.Build.0 = Debug|Any CPU
		{37349312-B5F5-472A-A59A-EF8B1F76800B}.Release|Any CPU.ActiveCfg = Release|Any CPU
		{37349312-B5F5-472A-A59A-EF8B1F76800B}.Release|Any CPU.Build.0 = Release|Any CPU
		{0BDF1765-C734-4C0A-9ACD-AA8A5CE40238}.Debug|Any CPU.ActiveCfg = Debug|Any CPU
		{0BDF1765-C734-4C0A-9ACD-AA8A5CE40238}.Debug|Any CPU.Build.0 = Debug|Any CPU
		{0BDF1765-C734-4C0A-9ACD-AA8A5CE40238}.Release|Any CPU.ActiveCfg = Release|Any CPU
		{0BDF1765-C734-4C0A-9ACD-AA8A5CE40238}.Release|Any CPU.Build.0 = Release|Any CPU
		{BD4207C3-516B-428A-BE33-C80B0DC7DDA0}.Debug|Any CPU.ActiveCfg = Debug|Any CPU
		{BD4207C3-516B-428A-BE33-C80B0DC7DDA0}.Debug|Any CPU.Build.0 = Debug|Any CPU
		{BD4207C3-516B-428A-BE33-C80B0DC7DDA0}.Release|Any CPU.ActiveCfg = Release|Any CPU
		{BD4207C3-516B-428A-BE33-C80B0DC7DDA0}.Release|Any CPU.Build.0 = Release|Any CPU
	EndGlobalSection
	GlobalSection(SolutionProperties) = preSolution
		HideSolutionNode = FALSE
	EndGlobalSection
	GlobalSection(ExtensibilityGlobals) = postSolution
		SolutionGuid = {550459B2-6FD5-4399-B2A2-4E17C85CEB80}
	EndGlobalSection
EndGlobal
