
Microsoft Visual Studio Solution File, Format Version 12.00
# Visual Studio 15
VisualStudioVersion = 15.0.27130.2010
MinimumVisualStudioVersion = 10.0.40219.1
Project("{9A19103F-16F7-4668-BE54-9A1E7A4F7556}") = "ideas-e2e-tests", "ideas-e2e-tests\ideas-e2e-tests.csproj", "{82416B2F-6A11-4016-90D8-C4F21446397C}"
EndProject
Project("{9A19103F-16F7-4668-BE54-9A1E7A4F7556}") = "ideas-core", "..\ideas-core\ideas-core\ideas-core.csproj", "{1250997E-E97E-4109-8144-65A585D364CE}"
EndProject
Project("{9A19103F-16F7-4668-BE54-9A1E7A4F7556}") = "ideas-server", "..\ideas-server\ideas-server\ideas-server.csproj", "{9B50D838-FF67-4C66-9053-4CC137AC4098}"
EndProject
Project("{9A19103F-16F7-4668-BE54-9A1E7A4F7556}") = "ideas-integration-remedy", "..\ideas-integration-remedy\ideas-integration-remedy\ideas-integration-remedy.csproj", "{D37720E3-535C-4E0A-940B-E63827079F48}"
EndProject
Project("{9A19103F-16F7-4668-BE54-9A1E7A4F7556}") = "ideas-integration-remedy-watcher", "..\ideas-integration-remedy\ideas-integration-remedy-watcher\ideas-integration-remedy-watcher.csproj", "{F79DB6C8-E726-4046-9A0F-DB1E83CFA5BD}"
EndProject
Project("{9A19103F-16F7-4668-BE54-9A1E7A4F7556}") = "ideas-integration-remedy-sblistener", "..\ideas-integration-remedy\ideas-integration-remedy-sblistener\ideas-integration-remedy-sblistener.csproj", "{9C225669-711B-42B4-BEA0-9C3AA13E22BA}"
EndProject
Project("{9A19103F-16F7-4668-BE54-9A1E7A4F7556}") = "ideas-integration-logger", "..\ideas-integration-logger\ideas-integration-logger\ideas-integration-logger.csproj", "{B7740F18-E987-4229-A22B-DE3DCF95F7B9}"
EndProject
Project("{2150E333-8FDC-42A3-9474-1A3956D46DE8}") = "Tests", "Tests", "{0365AC8A-1B23-4E1D-8537-5B6AE59FA155}"
EndProject
Project("{2150E333-8FDC-42A3-9474-1A3956D46DE8}") = "Web", "Web", "{E00C77B4-40E9-4B3C-A5FF-E7EE167B39A2}"
EndProject
Project("{2150E333-8FDC-42A3-9474-1A3956D46DE8}") = "Core", "Core", "{DC4E4CC7-99A0-4FED-B487-1F96738823EE}"
EndProject
Project("{2150E333-8FDC-42A3-9474-1A3956D46DE8}") = "Integration", "Integration", "{E06439F5-6431-467A-BB5F-D6BE2D5E9AF2}"
EndProject
Project("{9A19103F-16F7-4668-BE54-9A1E7A4F7556}") = "ideas-integration-notification", "..\ideas-integration-notification\ideas-integration-notification\ideas-integration-notification.csproj", "{FA390ADC-0221-4119-BFC7-C389D0C7CE85}"
EndProject
Global
	GlobalSection(SolutionConfigurationPlatforms) = preSolution
		Debug|Any CPU = Debug|Any CPU
		Release|Any CPU = Release|Any CPU
	EndGlobalSection
	GlobalSection(ProjectConfigurationPlatforms) = postSolution
		{82416B2F-6A11-4016-90D8-C4F21446397C}.Debug|Any CPU.ActiveCfg = Debug|Any CPU
		{82416B2F-6A11-4016-90D8-C4F21446397C}.Debug|Any CPU.Build.0 = Debug|Any CPU
		{82416B2F-6A11-4016-90D8-C4F21446397C}.Release|Any CPU.ActiveCfg = Release|Any CPU
		{82416B2F-6A11-4016-90D8-C4F21446397C}.Release|Any CPU.Build.0 = Release|Any CPU
		{1250997E-E97E-4109-8144-65A585D364CE}.Debug|Any CPU.ActiveCfg = Debug|Any CPU
		{1250997E-E97E-4109-8144-65A585D364CE}.Debug|Any CPU.Build.0 = Debug|Any CPU
		{1250997E-E97E-4109-8144-65A585D364CE}.Release|Any CPU.ActiveCfg = Release|Any CPU
		{1250997E-E97E-4109-8144-65A585D364CE}.Release|Any CPU.Build.0 = Release|Any CPU
		{9B50D838-FF67-4C66-9053-4CC137AC4098}.Debug|Any CPU.ActiveCfg = Debug|Any CPU
		{9B50D838-FF67-4C66-9053-4CC137AC4098}.Debug|Any CPU.Build.0 = Debug|Any CPU
		{9B50D838-FF67-4C66-9053-4CC137AC4098}.Release|Any CPU.ActiveCfg = Release|Any CPU
		{9B50D838-FF67-4C66-9053-4CC137AC4098}.Release|Any CPU.Build.0 = Release|Any CPU
		{D37720E3-535C-4E0A-940B-E63827079F48}.Debug|Any CPU.ActiveCfg = Debug|Any CPU
		{D37720E3-535C-4E0A-940B-E63827079F48}.Debug|Any CPU.Build.0 = Debug|Any CPU
		{D37720E3-535C-4E0A-940B-E63827079F48}.Release|Any CPU.ActiveCfg = Release|Any CPU
		{D37720E3-535C-4E0A-940B-E63827079F48}.Release|Any CPU.Build.0 = Release|Any CPU
		{F79DB6C8-E726-4046-9A0F-DB1E83CFA5BD}.Debug|Any CPU.ActiveCfg = Debug|Any CPU
		{F79DB6C8-E726-4046-9A0F-DB1E83CFA5BD}.Debug|Any CPU.Build.0 = Debug|Any CPU
		{F79DB6C8-E726-4046-9A0F-DB1E83CFA5BD}.Release|Any CPU.ActiveCfg = Release|Any CPU
		{F79DB6C8-E726-4046-9A0F-DB1E83CFA5BD}.Release|Any CPU.Build.0 = Release|Any CPU
		{9C225669-711B-42B4-BEA0-9C3AA13E22BA}.Debug|Any CPU.ActiveCfg = Debug|Any CPU
		{9C225669-711B-42B4-BEA0-9C3AA13E22BA}.Debug|Any CPU.Build.0 = Debug|Any CPU
		{9C225669-711B-42B4-BEA0-9C3AA13E22BA}.Release|Any CPU.ActiveCfg = Release|Any CPU
		{9C225669-711B-42B4-BEA0-9C3AA13E22BA}.Release|Any CPU.Build.0 = Release|Any CPU
		{B7740F18-E987-4229-A22B-DE3DCF95F7B9}.Debug|Any CPU.ActiveCfg = Debug|Any CPU
		{B7740F18-E987-4229-A22B-DE3DCF95F7B9}.Debug|Any CPU.Build.0 = Debug|Any CPU
		{B7740F18-E987-4229-A22B-DE3DCF95F7B9}.Release|Any CPU.ActiveCfg = Release|Any CPU
		{B7740F18-E987-4229-A22B-DE3DCF95F7B9}.Release|Any CPU.Build.0 = Release|Any CPU
		{FA390ADC-0221-4119-BFC7-C389D0C7CE85}.Debug|Any CPU.ActiveCfg = Debug|Any CPU
		{FA390ADC-0221-4119-BFC7-C389D0C7CE85}.Debug|Any CPU.Build.0 = Debug|Any CPU
		{FA390ADC-0221-4119-BFC7-C389D0C7CE85}.Release|Any CPU.ActiveCfg = Release|Any CPU
		{FA390ADC-0221-4119-BFC7-C389D0C7CE85}.Release|Any CPU.Build.0 = Release|Any CPU
	EndGlobalSection
	GlobalSection(SolutionProperties) = preSolution
		HideSolutionNode = FALSE
	EndGlobalSection
	GlobalSection(NestedProjects) = preSolution
		{82416B2F-6A11-4016-90D8-C4F21446397C} = {0365AC8A-1B23-4E1D-8537-5B6AE59FA155}
		{1250997E-E97E-4109-8144-65A585D364CE} = {DC4E4CC7-99A0-4FED-B487-1F96738823EE}
		{9B50D838-FF67-4C66-9053-4CC137AC4098} = {E00C77B4-40E9-4B3C-A5FF-E7EE167B39A2}
		{D37720E3-535C-4E0A-940B-E63827079F48} = {E06439F5-6431-467A-BB5F-D6BE2D5E9AF2}
		{F79DB6C8-E726-4046-9A0F-DB1E83CFA5BD} = {E06439F5-6431-467A-BB5F-D6BE2D5E9AF2}
		{9C225669-711B-42B4-BEA0-9C3AA13E22BA} = {E06439F5-6431-467A-BB5F-D6BE2D5E9AF2}
		{B7740F18-E987-4229-A22B-DE3DCF95F7B9} = {E06439F5-6431-467A-BB5F-D6BE2D5E9AF2}
		{FA390ADC-0221-4119-BFC7-C389D0C7CE85} = {E06439F5-6431-467A-BB5F-D6BE2D5E9AF2}
	EndGlobalSection
	GlobalSection(ExtensibilityGlobals) = postSolution
		SolutionGuid = {B1241E45-B23A-4CF4-AAB1-A98C419D236E}
	EndGlobalSection
EndGlobal
